
Microsoft Visual Studio Solution File, Format Version 12.00
# Visual Studio Version 17
VisualStudioVersion = 17.0.31903.59
MinimumVisualStudioVersion = 10.0.40219.1
Project("{FAE04EC0-301F-11D3-BF4B-00C04F79EFBC}") = "API", "API\API.csproj", "{BC0C8D53-9ED1-40DF-BFF5-662A9EB8C0BC}"
EndProject
Project("{FAE04EC0-301F-11D3-BF4B-00C04F79EFBC}") = "Application", "Application\Application.csproj", "{68D674AC-AA04-4384-BE53-B30B0291739D}"
EndProject
Project("{FAE04EC0-301F-11D3-BF4B-00C04F79EFBC}") = "Domain", "Domain\Domain.csproj", "{CF8C8530-8474-4EC2-9313-4703875B9C52}"
EndProject
Project("{FAE04EC0-301F-11D3-BF4B-00C04F79EFBC}") = "Persistence", "Persistence\Persistence.csproj", "{922A6971-E8A0-4440-BCAA-FE6A288BD2C4}"
EndProject
Global
	GlobalSection(SolutionConfigurationPlatforms) = preSolution
		Debug|Any CPU = Debug|Any CPU
		Release|Any CPU = Release|Any CPU
	EndGlobalSection
	GlobalSection(SolutionProperties) = preSolution
		HideSolutionNode = FALSE
	EndGlobalSection
	GlobalSection(ProjectConfigurationPlatforms) = postSolution
		{BC0C8D53-9ED1-40DF-BFF5-662A9EB8C0BC}.Debug|Any CPU.ActiveCfg = Debug|Any CPU
		{BC0C8D53-9ED1-40DF-BFF5-662A9EB8C0BC}.Debug|Any CPU.Build.0 = Debug|Any CPU
		{BC0C8D53-9ED1-40DF-BFF5-662A9EB8C0BC}.Release|Any CPU.ActiveCfg = Release|Any CPU
		{BC0C8D53-9ED1-40DF-BFF5-662A9EB8C0BC}.Release|Any CPU.Build.0 = Release|Any CPU
		{68D674AC-AA04-4384-BE53-B30B0291739D}.Debug|Any CPU.ActiveCfg = Debug|Any CPU
		{68D674AC-AA04-4384-BE53-B30B0291739D}.Debug|Any CPU.Build.0 = Debug|Any CPU
		{68D674AC-AA04-4384-BE53-B30B0291739D}.Release|Any CPU.ActiveCfg = Release|Any CPU
		{68D674AC-AA04-4384-BE53-B30B0291739D}.Release|Any CPU.Build.0 = Release|Any CPU
		{CF8C8530-8474-4EC2-9313-4703875B9C52}.Debug|Any CPU.ActiveCfg = Debug|Any CPU
		{CF8C8530-8474-4EC2-9313-4703875B9C52}.Debug|Any CPU.Build.0 = Debug|Any CPU
		{CF8C8530-8474-4EC2-9313-4703875B9C52}.Release|Any CPU.ActiveCfg = Release|Any CPU
		{CF8C8530-8474-4EC2-9313-4703875B9C52}.Release|Any CPU.Build.0 = Release|Any CPU
		{922A6971-E8A0-4440-BCAA-FE6A288BD2C4}.Debug|Any CPU.ActiveCfg = Debug|Any CPU
		{922A6971-E8A0-4440-BCAA-FE6A288BD2C4}.Debug|Any CPU.Build.0 = Debug|Any CPU
		{922A6971-E8A0-4440-BCAA-FE6A288BD2C4}.Release|Any CPU.ActiveCfg = Release|Any CPU
		{922A6971-E8A0-4440-BCAA-FE6A288BD2C4}.Release|Any CPU.Build.0 = Release|Any CPU
	EndGlobalSection
EndGlobal
